
Microsoft Visual Studio Solution File, Format Version 12.00
# Visual Studio Version 17
VisualStudioVersion = 17.9.34622.214
MinimumVisualStudioVersion = 10.0.40219.1
Project("{FAE04EC0-301F-11D3-BF4B-00C04F79EFBC}") = "MvcDataViews", "MvcDataViews.csproj", "{97CDD83D-870D-40C1-A2BA-96604120601C}"
EndProject
Global
	GlobalSection(SolutionConfigurationPlatforms) = preSolution
		Debug|Any CPU = Debug|Any CPU
		Release|Any CPU = Release|Any CPU
	EndGlobalSection
	GlobalSection(ProjectConfigurationPlatforms) = postSolution
		{97CDD83D-870D-40C1-A2BA-96604120601C}.Debug|Any CPU.ActiveCfg = Debug|Any CPU
		{97CDD83D-870D-40C1-A2BA-96604120601C}.Debug|Any CPU.Build.0 = Debug|Any CPU
		{97CDD83D-870D-40C1-A2BA-96604120601C}.Release|Any CPU.ActiveCfg = Release|Any CPU
		{97CDD83D-870D-40C1-A2BA-96604120601C}.Release|Any CPU.Build.0 = Release|Any CPU
	EndGlobalSection
	GlobalSection(SolutionProperties) = preSolution
		HideSolutionNode = FALSE
	EndGlobalSection
	GlobalSection(ExtensibilityGlobals) = postSolution
		SolutionGuid = {10AEA946-6508-4F84-973E-979CD93B970C}
	EndGlobalSection
EndGlobal
